// !$*UTF8*$!
{
	archiveVersion = 1;
	classes = {
	};
	objectVersion = 50;
	objects = {

/* Begin PBXBuildFile section */
		185A733122EF2E32003F3433 /* AppDelegate.swift in Sources */ = {isa = PBXBuildFile; fileRef = 185A733022EF2E32003F3433 /* AppDelegate.swift */; };
		185A733322EF2E32003F3433 /* ViewController.swift in Sources */ = {isa = PBXBuildFile; fileRef = 185A733222EF2E32003F3433 /* ViewController.swift */; };
		185A733622EF2E32003F3433 /* Main.storyboard in Resources */ = {isa = PBXBuildFile; fileRef = 185A733422EF2E32003F3433 /* Main.storyboard */; };
		185A733822EF2E34003F3433 /* Assets.xcassets in Resources */ = {isa = PBXBuildFile; fileRef = 185A733722EF2E34003F3433 /* Assets.xcassets */; };
		185A733B22EF2E34003F3433 /* LaunchScreen.storyboard in Resources */ = {isa = PBXBuildFile; fileRef = 185A733922EF2E34003F3433 /* LaunchScreen.storyboard */; };
		185A734622EF2E34003F3433 /* CameraTests.swift in Sources */ = {isa = PBXBuildFile; fileRef = 185A734522EF2E34003F3433 /* CameraTests.swift */; };
		185A735122EF2E34003F3433 /* CameraUITests.swift in Sources */ = {isa = PBXBuildFile; fileRef = 185A735022EF2E34003F3433 /* CameraUITests.swift */; };
/* End PBXBuildFile section */

/* Begin PBXContainerItemProxy section */
		185A734222EF2E34003F3433 /* PBXContainerItemProxy */ = {
			isa = PBXContainerItemProxy;
			containerPortal = 185A732522EF2E32003F3433 /* Project object */;
			proxyType = 1;
			remoteGlobalIDString = 185A732C22EF2E32003F3433;
			remoteInfo = Camera;
		};
		185A734D22EF2E34003F3433 /* PBXContainerItemProxy */ = {
			isa = PBXContainerItemProxy;
			containerPortal = 185A732522EF2E32003F3433 /* Project object */;
			proxyType = 1;
			remoteGlobalIDString = 185A732C22EF2E32003F3433;
			remoteInfo = Camera;
		};
/* End PBXContainerItemProxy section */

/* Begin PBXFileReference section */
		185A732D22EF2E32003F3433 /* Camera.app */ = {isa = PBXFileReference; explicitFileType = wrapper.application; includeInIndex = 0; path = Camera.app; sourceTree = BUILT_PRODUCTS_DIR; };
		185A733022EF2E32003F3433 /* AppDelegate.swift */ = {isa = PBXFileReference; lastKnownFileType = sourcecode.swift; path = AppDelegate.swift; sourceTree = "<group>"; };
		185A733222EF2E32003F3433 /* ViewController.swift */ = {isa = PBXFileReference; lastKnownFileType = sourcecode.swift; path = ViewController.swift; sourceTree = "<group>"; };
		185A733522EF2E32003F3433 /* Base */ = {isa = PBXFileReference; lastKnownFileType = file.storyboard; name = Base; path = Base.lproj/Main.storyboard; sourceTree = "<group>"; };
		185A733722EF2E34003F3433 /* Assets.xcassets */ = {isa = PBXFileReference; lastKnownFileType = folder.assetcatalog; path = Assets.xcassets; sourceTree = "<group>"; };
		185A733A22EF2E34003F3433 /* Base */ = {isa = PBXFileReference; lastKnownFileType = file.storyboard; name = Base; path = Base.lproj/LaunchScreen.storyboard; sourceTree = "<group>"; };
		185A733C22EF2E34003F3433 /* Info.plist */ = {isa = PBXFileReference; lastKnownFileType = text.plist.xml; path = Info.plist; sourceTree = "<group>"; };
		185A734122EF2E34003F3433 /* CameraTests.xctest */ = {isa = PBXFileReference; explicitFileType = wrapper.cfbundle; includeInIndex = 0; path = CameraTests.xctest; sourceTree = BUILT_PRODUCTS_DIR; };
		185A734522EF2E34003F3433 /* CameraTests.swift */ = {isa = PBXFileReference; lastKnownFileType = sourcecode.swift; path = CameraTests.swift; sourceTree = "<group>"; };
		185A734722EF2E34003F3433 /* Info.plist */ = {isa = PBXFileReference; lastKnownFileType = text.plist.xml; path = Info.plist; sourceTree = "<group>"; };
		185A734C22EF2E34003F3433 /* CameraUITests.xctest */ = {isa = PBXFileReference; explicitFileType = wrapper.cfbundle; includeInIndex = 0; path = CameraUITests.xctest; sourceTree = BUILT_PRODUCTS_DIR; };
		185A735022EF2E34003F3433 /* CameraUITests.swift */ = {isa = PBXFileReference; lastKnownFileType = sourcecode.swift; path = CameraUITests.swift; sourceTree = "<group>"; };
		185A735222EF2E34003F3433 /* Info.plist */ = {isa = PBXFileReference; lastKnownFileType = text.plist.xml; path = Info.plist; sourceTree = "<group>"; };
/* End PBXFileReference section */

/* Begin PBXFrameworksBuildPhase section */
		185A732A22EF2E32003F3433 /* Frameworks */ = {
			isa = PBXFrameworksBuildPhase;
			buildActionMask = 2147483647;
			files = (
			);
			runOnlyForDeploymentPostprocessing = 0;
		};
		185A733E22EF2E34003F3433 /* Frameworks */ = {
			isa = PBXFrameworksBuildPhase;
			buildActionMask = 2147483647;
			files = (
			);
			runOnlyForDeploymentPostprocessing = 0;
		};
		185A734922EF2E34003F3433 /* Frameworks */ = {
			isa = PBXFrameworksBuildPhase;
			buildActionMask = 2147483647;
			files = (
			);
			runOnlyForDeploymentPostprocessing = 0;
		};
/* End PBXFrameworksBuildPhase section */

/* Begin PBXGroup section */
		185A732422EF2E32003F3433 = {
			isa = PBXGroup;
			children = (
				185A732F22EF2E32003F3433 /* Camera */,
				185A734422EF2E34003F3433 /* CameraTests */,
				185A734F22EF2E34003F3433 /* CameraUITests */,
				185A732E22EF2E32003F3433 /* Products */,
			);
			sourceTree = "<group>";
		};
		185A732E22EF2E32003F3433 /* Products */ = {
			isa = PBXGroup;
			children = (
				185A732D22EF2E32003F3433 /* Camera.app */,
				185A734122EF2E34003F3433 /* CameraTests.xctest */,
				185A734C22EF2E34003F3433 /* CameraUITests.xctest */,
			);
			name = Products;
			sourceTree = "<group>";
		};
		185A732F22EF2E32003F3433 /* Camera */ = {
			isa = PBXGroup;
			children = (
				185A733022EF2E32003F3433 /* AppDelegate.swift */,
				185A733222EF2E32003F3433 /* ViewController.swift */,
				185A733422EF2E32003F3433 /* Main.storyboard */,
				185A733722EF2E34003F3433 /* Assets.xcassets */,
				185A733922EF2E34003F3433 /* LaunchScreen.storyboard */,
				185A733C22EF2E34003F3433 /* Info.plist */,
			);
			path = Camera;
			sourceTree = "<group>";
		};
		185A734422EF2E34003F3433 /* CameraTests */ = {
			isa = PBXGroup;
			children = (
				185A734522EF2E34003F3433 /* CameraTests.swift */,
				185A734722EF2E34003F3433 /* Info.plist */,
			);
			path = CameraTests;
			sourceTree = "<group>";
		};
		185A734F22EF2E34003F3433 /* CameraUITests */ = {
			isa = PBXGroup;
			children = (
				185A735022EF2E34003F3433 /* CameraUITests.swift */,
				185A735222EF2E34003F3433 /* Info.plist */,
			);
			path = CameraUITests;
			sourceTree = "<group>";
		};
/* End PBXGroup section */

/* Begin PBXNativeTarget section */
		185A732C22EF2E32003F3433 /* Camera */ = {
			isa = PBXNativeTarget;
			buildConfigurationList = 185A735522EF2E34003F3433 /* Build configuration list for PBXNativeTarget "Camera" */;
			buildPhases = (
				185A732922EF2E32003F3433 /* Sources */,
				185A732A22EF2E32003F3433 /* Frameworks */,
				185A732B22EF2E32003F3433 /* Resources */,
			);
			buildRules = (
			);
			dependencies = (
			);
			name = Camera;
			productName = Camera;
			productReference = 185A732D22EF2E32003F3433 /* Camera.app */;
			productType = "com.apple.product-type.application";
		};
		185A734022EF2E34003F3433 /* CameraTests */ = {
			isa = PBXNativeTarget;
			buildConfigurationList = 185A735822EF2E34003F3433 /* Build configuration list for PBXNativeTarget "CameraTests" */;
			buildPhases = (
				185A733D22EF2E34003F3433 /* Sources */,
				185A733E22EF2E34003F3433 /* Frameworks */,
				185A733F22EF2E34003F3433 /* Resources */,
			);
			buildRules = (
			);
			dependencies = (
				185A734322EF2E34003F3433 /* PBXTargetDependency */,
			);
			name = CameraTests;
			productName = CameraTests;
			productReference = 185A734122EF2E34003F3433 /* CameraTests.xctest */;
			productType = "com.apple.product-type.bundle.unit-test";
		};
		185A734B22EF2E34003F3433 /* CameraUITests */ = {
			isa = PBXNativeTarget;
			buildConfigurationList = 185A735B22EF2E34003F3433 /* Build configuration list for PBXNativeTarget "CameraUITests" */;
			buildPhases = (
				185A734822EF2E34003F3433 /* Sources */,
				185A734922EF2E34003F3433 /* Frameworks */,
				185A734A22EF2E34003F3433 /* Resources */,
			);
			buildRules = (
			);
			dependencies = (
				185A734E22EF2E34003F3433 /* PBXTargetDependency */,
			);
			name = CameraUITests;
			productName = CameraUITests;
			productReference = 185A734C22EF2E34003F3433 /* CameraUITests.xctest */;
			productType = "com.apple.product-type.bundle.ui-testing";
		};
/* End PBXNativeTarget section */

/* Begin PBXProject section */
		185A732522EF2E32003F3433 /* Project object */ = {
			isa = PBXProject;
			attributes = {
				LastSwiftUpdateCheck = 1020;
				LastUpgradeCheck = 1020;
				ORGANIZATIONNAME = Apple;
				TargetAttributes = {
					185A732C22EF2E32003F3433 = {
						CreatedOnToolsVersion = 10.2.1;
					};
					185A734022EF2E34003F3433 = {
						CreatedOnToolsVersion = 10.2.1;
						TestTargetID = 185A732C22EF2E32003F3433;
					};
					185A734B22EF2E34003F3433 = {
						CreatedOnToolsVersion = 10.2.1;
						TestTargetID = 185A732C22EF2E32003F3433;
					};
				};
			};
			buildConfigurationList = 185A732822EF2E32003F3433 /* Build configuration list for PBXProject "Camera" */;
			compatibilityVersion = "Xcode 9.3";
			developmentRegion = en;
			hasScannedForEncodings = 0;
			knownRegions = (
				en,
				Base,
			);
			mainGroup = 185A732422EF2E32003F3433;
			productRefGroup = 185A732E22EF2E32003F3433 /* Products */;
			projectDirPath = "";
			projectRoot = "";
			targets = (
				185A732C22EF2E32003F3433 /* Camera */,
				185A734022EF2E34003F3433 /* CameraTests */,
				185A734B22EF2E34003F3433 /* CameraUITests */,
			);
		};
/* End PBXProject section */

/* Begin PBXResourcesBuildPhase section */
		185A732B22EF2E32003F3433 /* Resources */ = {
			isa = PBXResourcesBuildPhase;
			buildActionMask = 2147483647;
			files = (
				185A733B22EF2E34003F3433 /* LaunchScreen.storyboard in Resources */,
				185A733822EF2E34003F3433 /* Assets.xcassets in Resources */,
				185A733622EF2E32003F3433 /* Main.storyboard in Resources */,
			);
			runOnlyForDeploymentPostprocessing = 0;
		};
		185A733F22EF2E34003F3433 /* Resources */ = {
			isa = PBXResourcesBuildPhase;
			buildActionMask = 2147483647;
			files = (
			);
			runOnlyForDeploymentPostprocessing = 0;
		};
		185A734A22EF2E34003F3433 /* Resources */ = {
			isa = PBXResourcesBuildPhase;
			buildActionMask = 2147483647;
			files = (
			);
			runOnlyForDeploymentPostprocessing = 0;
		};
/* End PBXResourcesBuildPhase section */

/* Begin PBXSourcesBuildPhase section */
		185A732922EF2E32003F3433 /* Sources */ = {
			isa = PBXSourcesBuildPhase;
			buildActionMask = 2147483647;
			files = (
				185A733322EF2E32003F3433 /* ViewController.swift in Sources */,
				185A733122EF2E32003F3433 /* AppDelegate.swift in Sources */,
			);
			runOnlyForDeploymentPostprocessing = 0;
		};
		185A733D22EF2E34003F3433 /* Sources */ = {
			isa = PBXSourcesBuildPhase;
			buildActionMask = 2147483647;
			files = (
				185A734622EF2E34003F3433 /* CameraTests.swift in Sources */,
			);
			runOnlyForDeploymentPostprocessing = 0;
		};
		185A734822EF2E34003F3433 /* Sources */ = {
			isa = PBXSourcesBuildPhase;
			buildActionMask = 2147483647;
			files = (
				185A735122EF2E34003F3433 /* CameraUITests.swift in Sources */,
			);
			runOnlyForDeploymentPostprocessing = 0;
		};
/* End PBXSourcesBuildPhase section */

/* Begin PBXTargetDependency section */
		185A734322EF2E34003F3433 /* PBXTargetDependency */ = {
			isa = PBXTargetDependency;
			target = 185A732C22EF2E32003F3433 /* Camera */;
			targetProxy = 185A734222EF2E34003F3433 /* PBXContainerItemProxy */;
		};
		185A734E22EF2E34003F3433 /* PBXTargetDependency */ = {
			isa = PBXTargetDependency;
			target = 185A732C22EF2E32003F3433 /* Camera */;
			targetProxy = 185A734D22EF2E34003F3433 /* PBXContainerItemProxy */;
		};
/* End PBXTargetDependency section */

/* Begin PBXVariantGroup section */
		185A733422EF2E32003F3433 /* Main.storyboard */ = {
			isa = PBXVariantGroup;
			children = (
				185A733522EF2E32003F3433 /* Base */,
			);
			name = Main.storyboard;
			sourceTree = "<group>";
		};
		185A733922EF2E34003F3433 /* LaunchScreen.storyboard */ = {
			isa = PBXVariantGroup;
			children = (
				185A733A22EF2E34003F3433 /* Base */,
			);
			name = LaunchScreen.storyboard;
			sourceTree = "<group>";
		};
/* End PBXVariantGroup section */

/* Begin XCBuildConfiguration section */
		185A735322EF2E34003F3433 /* Debug */ = {
			isa = XCBuildConfiguration;
			buildSettings = {
				ALWAYS_SEARCH_USER_PATHS = NO;
				CLANG_ANALYZER_NONNULL = YES;
				CLANG_ANALYZER_NUMBER_OBJECT_CONVERSION = YES_AGGRESSIVE;
				CLANG_CXX_LANGUAGE_STANDARD = "gnu++14";
				CLANG_CXX_LIBRARY = "libc++";
				CLANG_ENABLE_MODULES = YES;
				CLANG_ENABLE_OBJC_ARC = YES;
				CLANG_ENABLE_OBJC_WEAK = YES;
				CLANG_WARN_BLOCK_CAPTURE_AUTORELEASING = YES;
				CLANG_WARN_BOOL_CONVERSION = YES;
				CLANG_WARN_COMMA = YES;
				CLANG_WARN_CONSTANT_CONVERSION = YES;
				CLANG_WARN_DEPRECATED_OBJC_IMPLEMENTATIONS = YES;
				CLANG_WARN_DIRECT_OBJC_ISA_USAGE = YES_ERROR;
				CLANG_WARN_DOCUMENTATION_COMMENTS = YES;
				CLANG_WARN_EMPTY_BODY = YES;
				CLANG_WARN_ENUM_CONVERSION = YES;
				CLANG_WARN_INFINITE_RECURSION = YES;
				CLANG_WARN_INT_CONVERSION = YES;
				CLANG_WARN_NON_LITERAL_NULL_CONVERSION = YES;
				CLANG_WARN_OBJC_IMPLICIT_RETAIN_SELF = YES;
				CLANG_WARN_OBJC_LITERAL_CONVERSION = YES;
				CLANG_WARN_OBJC_ROOT_CLASS = YES_ERROR;
				CLANG_WARN_RANGE_LOOP_ANALYSIS = YES;
				CLANG_WARN_STRICT_PROTOTYPES = YES;
				CLANG_WARN_SUSPICIOUS_MOVE = YES;
				CLANG_WARN_UNGUARDED_AVAILABILITY = YES_AGGRESSIVE;
				CLANG_WARN_UNREACHABLE_CODE = YES;
				CLANG_WARN__DUPLICATE_METHOD_MATCH = YES;
				CODE_SIGN_IDENTITY = "iPhone Developer";
				COPY_PHASE_STRIP = NO;
				DEBUG_INFORMATION_FORMAT = dwarf;
				ENABLE_STRICT_OBJC_MSGSEND = YES;
				ENABLE_TESTABILITY = YES;
				GCC_C_LANGUAGE_STANDARD = gnu11;
				GCC_DYNAMIC_NO_PIC = NO;
				GCC_NO_COMMON_BLOCKS = YES;
				GCC_OPTIMIZATION_LEVEL = 0;
				GCC_PREPROCESSOR_DEFINITIONS = (
					"DEBUG=1",
					"$(inherited)",
				);
				GCC_WARN_64_TO_32_BIT_CONVERSION = YES;
				GCC_WARN_ABOUT_RETURN_TYPE = YES_ERROR;
				GCC_WARN_UNDECLARED_SELECTOR = YES;
				GCC_WARN_UNINITIALIZED_AUTOS = YES_AGGRESSIVE;
				GCC_WARN_UNUSED_FUNCTION = YES;
				GCC_WARN_UNUSED_VARIABLE = YES;
				IPHONEOS_DEPLOYMENT_TARGET = 12.2;
				MTL_ENABLE_DEBUG_INFO = INCLUDE_SOURCE;
				MTL_FAST_MATH = YES;
				ONLY_ACTIVE_ARCH = YES;
				SDKROOT = iphoneos;
				SWIFT_ACTIVE_COMPILATION_CONDITIONS = DEBUG;
				SWIFT_OPTIMIZATION_LEVEL = "-Onone";
			};
			name = Debug;
		};
		185A735422EF2E34003F3433 /* Release */ = {
			isa = XCBuildConfiguration;
			buildSettings = {
				ALWAYS_SEARCH_USER_PATHS = NO;
				CLANG_ANALYZER_NONNULL = YES;
				CLANG_ANALYZER_NUMBER_OBJECT_CONVERSION = YES_AGGRESSIVE;
				CLANG_CXX_LANGUAGE_STANDARD = "gnu++14";
				CLANG_CXX_LIBRARY = "libc++";
				CLANG_ENABLE_MODULES = YES;
				CLANG_ENABLE_OBJC_ARC = YES;
				CLANG_ENABLE_OBJC_WEAK = YES;
				CLANG_WARN_BLOCK_CAPTURE_AUTORELEASING = YES;
				CLANG_WARN_BOOL_CONVERSION = YES;
				CLANG_WARN_COMMA = YES;
				CLANG_WARN_CONSTANT_CONVERSION = YES;
				CLANG_WARN_DEPRECATED_OBJC_IMPLEMENTATIONS = YES;
				CLANG_WARN_DIRECT_OBJC_ISA_USAGE = YES_ERROR;
				CLANG_WARN_DOCUMENTATION_COMMENTS = YES;
				CLANG_WARN_EMPTY_BODY = YES;
				CLANG_WARN_ENUM_CONVERSION = YES;
				CLANG_WARN_INFINITE_RECURSION = YES;
				CLANG_WARN_INT_CONVERSION = YES;
				CLANG_WARN_NON_LITERAL_NULL_CONVERSION = YES;
				CLANG_WARN_OBJC_IMPLICIT_RETAIN_SELF = YES;
				CLANG_WARN_OBJC_LITERAL_CONVERSION = YES;
				CLANG_WARN_OBJC_ROOT_CLASS = YES_ERROR;
				CLANG_WARN_RANGE_LOOP_ANALYSIS = YES;
				CLANG_WARN_STRICT_PROTOTYPES = YES;
				CLANG_WARN_SUSPICIOUS_MOVE = YES;
				CLANG_WARN_UNGUARDED_AVAILABILITY = YES_AGGRESSIVE;
				CLANG_WARN_UNREACHABLE_CODE = YES;
				CLANG_WARN__DUPLICATE_METHOD_MATCH = YES;
				CODE_SIGN_IDENTITY = "iPhone Developer";
				COPY_PHASE_STRIP = NO;
				DEBUG_INFORMATION_FORMAT = "dwarf-with-dsym";
				ENABLE_NS_ASSERTIONS = NO;
				ENABLE_STRICT_OBJC_MSGSEND = YES;
				GCC_C_LANGUAGE_STANDARD = gnu11;
				GCC_NO_COMMON_BLOCKS = YES;
				GCC_WARN_64_TO_32_BIT_CONVERSION = YES;
				GCC_WARN_ABOUT_RETURN_TYPE = YES_ERROR;
				GCC_WARN_UNDECLARED_SELECTOR = YES;
				GCC_WARN_UNINITIALIZED_AUTOS = YES_AGGRESSIVE;
				GCC_WARN_UNUSED_FUNCTION = YES;
				GCC_WARN_UNUSED_VARIABLE = YES;
				IPHONEOS_DEPLOYMENT_TARGET = 12.2;
				MTL_ENABLE_DEBUG_INFO = NO;
				MTL_FAST_MATH = YES;
				SDKROOT = iphoneos;
				SWIFT_COMPILATION_MODE = wholemodule;
				SWIFT_OPTIMIZATION_LEVEL = "-O";
				VALIDATE_PRODUCT = YES;
			};
			name = Release;
		};
		185A735622EF2E34003F3433 /* Debug */ = {
			isa = XCBuildConfiguration;
			buildSettings = {
				ASSETCATALOG_COMPILER_APPICON_NAME = AppIcon;
				CODE_SIGN_STYLE = Automatic;
				INFOPLIST_FILE = Camera/Info.plist;
				LD_RUNPATH_SEARCH_PATHS = (
					"$(inherited)",
					"@executable_path/Frameworks",
				);
				PRODUCT_BUNDLE_IDENTIFIER = "com.aliceliu.Classes-and-Objects.Camera";
				PRODUCT_NAME = "$(TARGET_NAME)";
				SWIFT_VERSION = 5.0;
				TARGETED_DEVICE_FAMILY = "1,2";
			};
			name = Debug;
		};
		185A735722EF2E34003F3433 /* Release */ = {
			isa = XCBuildConfiguration;
			buildSettings = {
				ASSETCATALOG_COMPILER_APPICON_NAME = AppIcon;
				CODE_SIGN_STYLE = Automatic;
				INFOPLIST_FILE = Camera/Info.plist;
				LD_RUNPATH_SEARCH_PATHS = (
					"$(inherited)",
					"@executable_path/Frameworks",
				);
				PRODUCT_BUNDLE_IDENTIFIER = "com.aliceliu.Classes-and-Objects.Camera";
				PRODUCT_NAME = "$(TARGET_NAME)";
				SWIFT_VERSION = 5.0;
				TARGETED_DEVICE_FAMILY = "1,2";
			};
			name = Release;
		};
		185A735922EF2E34003F3433 /* Debug */ = {
			isa = XCBuildConfiguration;
			buildSettings = {
				ALWAYS_EMBED_SWIFT_STANDARD_LIBRARIES = YES;
				BUNDLE_LOADER = "$(TEST_HOST)";
				CODE_SIGN_STYLE = Automatic;
				INFOPLIST_FILE = CameraTests/Info.plist;
				LD_RUNPATH_SEARCH_PATHS = (
					"$(inherited)",
					"@executable_path/Frameworks",
					"@loader_path/Frameworks",
				);
				PRODUCT_BUNDLE_IDENTIFIER = "com.aliceliu.Classes-and-Objects.CameraTests";
				PRODUCT_NAME = "$(TARGET_NAME)";
				SWIFT_VERSION = 5.0;
				TARGETED_DEVICE_FAMILY = "1,2";
				TEST_HOST = "$(BUILT_PRODUCTS_DIR)/Camera.app/Camera";
			};
			name = Debug;
		};
		185A735A22EF2E34003F3433 /* Release */ = {
			isa = XCBuildConfiguration;
			buildSettings = {
				ALWAYS_EMBED_SWIFT_STANDARD_LIBRARIES = YES;
				BUNDLE_LOADER = "$(TEST_HOST)";
				CODE_SIGN_STYLE = Automatic;
				INFOPLIST_FILE = CameraTests/Info.plist;
				LD_RUNPATH_SEARCH_PATHS = (
					"$(inherited)",
					"@executable_path/Frameworks",
					"@loader_path/Frameworks",
				);
				PRODUCT_BUNDLE_IDENTIFIER = "com.aliceliu.Classes-and-Objects.CameraTests";
				PRODUCT_NAME = "$(TARGET_NAME)";
				SWIFT_VERSION = 5.0;
				TARGETED_DEVICE_FAMILY = "1,2";
				TEST_HOST = "$(BUILT_PRODUCTS_DIR)/Camera.app/Camera";
			};
			name = Release;
		};
		185A735C22EF2E34003F3433 /* Debug */ = {
			isa = XCBuildConfiguration;
			buildSettings = {
				ALWAYS_EMBED_SWIFT_STANDARD_LIBRARIES = YES;
				CODE_SIGN_STYLE = Automatic;
				INFOPLIST_FILE = CameraUITests/Info.plist;
				LD_RUNPATH_SEARCH_PATHS = (
					"$(inherited)",
					"@executable_path/Frameworks",
					"@loader_path/Frameworks",
				);
				PRODUCT_BUNDLE_IDENTIFIER = "com.aliceliu.Classes-and-Objects.CameraUITests";
				PRODUCT_NAME = "$(TARGET_NAME)";
				SWIFT_VERSION = 5.0;
				TARGETED_DEVICE_FAMILY = "1,2";
				TEST_TARGET_NAME = Camera;
			};
			name = Debug;
		};
		185A735D22EF2E34003F3433 /* Release */ = {
			isa = XCBuildConfiguration;
			buildSettings = {
				ALWAYS_EMBED_SWIFT_STANDARD_LIBRARIES = YES;
				CODE_SIGN_STYLE = Automatic;
				INFOPLIST_FILE = CameraUITests/Info.plist;
				LD_RUNPATH_SEARCH_PATHS = (
					"$(inherited)",
					"@executable_path/Frameworks",
					"@loader_path/Frameworks",
				);
				PRODUCT_BUNDLE_IDENTIFIER = "com.aliceliu.Classes-and-Objects.CameraUITests";
				PRODUCT_NAME = "$(TARGET_NAME)";
				SWIFT_VERSION = 5.0;
				TARGETED_DEVICE_FAMILY = "1,2";
				TEST_TARGET_NAME = Camera;
			};
			name = Release;
		};
/* End XCBuildConfiguration section */

/* Begin XCConfigurationList section */
		185A732822EF2E32003F3433 /* Build configuration list for PBXProject "Camera" */ = {
			isa = XCConfigurationList;
			buildConfigurations = (
				185A735322EF2E34003F3433 /* Debug */,
				185A735422EF2E34003F3433 /* Release */,
			);
			defaultConfigurationIsVisible = 0;
			defaultConfigurationName = Release;
		};
		185A735522EF2E34003F3433 /* Build configuration list for PBXNativeTarget "Camera" */ = {
			isa = XCConfigurationList;
			buildConfigurations = (
				185A735622EF2E34003F3433 /* Debug */,
				185A735722EF2E34003F3433 /* Release */,
			);
			defaultConfigurationIsVisible = 0;
			defaultConfigurationName = Release;
		};
		185A735822EF2E34003F3433 /* Build configuration list for PBXNativeTarget "CameraTests" */ = {
			isa = XCConfigurationList;
			buildConfigurations = (
				185A735922EF2E34003F3433 /* Debug */,
				185A735A22EF2E34003F3433 /* Release */,
			);
			defaultConfigurationIsVisible = 0;
			defaultConfigurationName = Release;
		};
		185A735B22EF2E34003F3433 /* Build configuration list for PBXNativeTarget "CameraUITests" */ = {
			isa = XCConfigurationList;
			buildConfigurations = (
				185A735C22EF2E34003F3433 /* Debug */,
				185A735D22EF2E34003F3433 /* Release */,
			);
			defaultConfigurationIsVisible = 0;
			defaultConfigurationName = Release;
		};
/* End XCConfigurationList section */
	};
	rootObject = 185A732522EF2E32003F3433 /* Project object */;
}
